
Microsoft Visual Studio Solution File, Format Version 12.00
# Visual Studio Version 16
VisualStudioVersion = 16.0.31321.278
MinimumVisualStudioVersion = 10.0.40219.1
Project("{FAE04EC0-301F-11D3-BF4B-00C04F79EFBC}") = "genData", "genData.csproj", "{23C68E7D-B5C3-49F8-AB0F-01AC291D025B}"
EndProject
Global
	GlobalSection(SolutionConfigurationPlatforms) = preSolution
		Debug|Any CPU = Debug|Any CPU
		Release|Any CPU = Release|Any CPU
	EndGlobalSection
	GlobalSection(ProjectConfigurationPlatforms) = postSolution
		{23C68E7D-B5C3-49F8-AB0F-01AC291D025B}.Debug|Any CPU.ActiveCfg = Debug|Any CPU
		{23C68E7D-B5C3-49F8-AB0F-01AC291D025B}.Debug|Any CPU.Build.0 = Debug|Any CPU
		{23C68E7D-B5C3-49F8-AB0F-01AC291D025B}.Release|Any CPU.ActiveCfg = Release|Any CPU
		{23C68E7D-B5C3-49F8-AB0F-01AC291D025B}.Release|Any CPU.Build.0 = Release|Any CPU
	EndGlobalSection
	GlobalSection(SolutionProperties) = preSolution
		HideSolutionNode = FALSE
	EndGlobalSection
	GlobalSection(ExtensibilityGlobals) = postSolution
		SolutionGuid = {4DA27152-8C07-464B-8998-C31A8EC3FF0D}
	EndGlobalSection
EndGlobal
